
Microsoft Visual Studio Solution File, Format Version 12.00
# Visual Studio Version 17
VisualStudioVersion = 17.14.36301.6
MinimumVisualStudioVersion = 10.0.40219.1
Project("{FAE04EC0-301F-11D3-BF4B-00C04F79EFBC}") = "WebAppliNaissance", "WebAppliNaissance\WebAppliNaissance.csproj", "{30CE817D-E689-4090-992F-201A09D83879}"
EndProject
Global
	GlobalSection(SolutionConfigurationPlatforms) = preSolution
		Debug|Any CPU = Debug|Any CPU
		Release|Any CPU = Release|Any CPU
	EndGlobalSection
	GlobalSection(ProjectConfigurationPlatforms) = postSolution
		{30CE817D-E689-4090-992F-201A09D83879}.Debug|Any CPU.ActiveCfg = Debug|Any CPU
		{30CE817D-E689-4090-992F-201A09D83879}.Debug|Any CPU.Build.0 = Debug|Any CPU
		{30CE817D-E689-4090-992F-201A09D83879}.Release|Any CPU.ActiveCfg = Release|Any CPU
		{30CE817D-E689-4090-992F-201A09D83879}.Release|Any CPU.Build.0 = Release|Any CPU
	EndGlobalSection
	GlobalSection(SolutionProperties) = preSolution
		HideSolutionNode = FALSE
	EndGlobalSection
	GlobalSection(ExtensibilityGlobals) = postSolution
		SolutionGuid = {82CB0BF3-59A4-4571-82B8-3E1307124741}
	EndGlobalSection
EndGlobal
